
Microsoft Visual Studio Solution File, Format Version 12.00
# Visual Studio Version 16
VisualStudioVersion = 16.0.31129.286
MinimumVisualStudioVersion = 10.0.40219.1
Project("{2150E333-8FDC-42A3-9474-1A3956D46DE8}") = "src", "src", "{CA36024B-58AB-4600-A847-6E34B54B34BC}"
EndProject
Project("{2150E333-8FDC-42A3-9474-1A3956D46DE8}") = "test", "test", "{86986486-9125-4612-9F76-36118107F25B}"
EndProject
Project("{FAE04EC0-301F-11D3-BF4B-00C04F79EFBC}") = "WritingPlatformCore", "WritingPlatformCore\WritingPlatformCore.csproj", "{DA099A6D-C9A3-4370-9D42-4CFFBC430DF0}"
EndProject
Global
	GlobalSection(SolutionConfigurationPlatforms) = preSolution
		Debug|Any CPU = Debug|Any CPU
		Release|Any CPU = Release|Any CPU
	EndGlobalSection
	GlobalSection(ProjectConfigurationPlatforms) = postSolution
		{DA099A6D-C9A3-4370-9D42-4CFFBC430DF0}.Debug|Any CPU.ActiveCfg = Debug|Any CPU
		{DA099A6D-C9A3-4370-9D42-4CFFBC430DF0}.Debug|Any CPU.Build.0 = Debug|Any CPU
		{DA099A6D-C9A3-4370-9D42-4CFFBC430DF0}.Release|Any CPU.ActiveCfg = Release|Any CPU
		{DA099A6D-C9A3-4370-9D42-4CFFBC430DF0}.Release|Any CPU.Build.0 = Release|Any CPU
	EndGlobalSection
	GlobalSection(SolutionProperties) = preSolution
		HideSolutionNode = FALSE
	EndGlobalSection
	GlobalSection(NestedProjects) = preSolution
		{DA099A6D-C9A3-4370-9D42-4CFFBC430DF0} = {CA36024B-58AB-4600-A847-6E34B54B34BC}
	EndGlobalSection
	GlobalSection(ExtensibilityGlobals) = postSolution
		SolutionGuid = {B181EB8F-4E25-495E-9811-E59B79B90CF4}
	EndGlobalSection
EndGlobal
